
Microsoft Visual Studio Solution File, Format Version 12.00
# Visual Studio Version 16
VisualStudioVersion = 16.0.29920.165
MinimumVisualStudioVersion = 10.0.40219.1
Project("{9A19103F-16F7-4668-BE54-9A1E7A4F7556}") = "DeansOffice.Web", "DeansOffice.Web\DeansOffice.Web.csproj", "{57A74805-507B-47EF-872B-83ED94C3433E}"
EndProject
Project("{9A19103F-16F7-4668-BE54-9A1E7A4F7556}") = "DeansOffice.Domain", "DeansOffice.Domain\DeansOffice.Domain.csproj", "{3D33DF70-1183-4C71-A7FB-9759C683DAF0}"
EndProject
Project("{9A19103F-16F7-4668-BE54-9A1E7A4F7556}") = "DeansOffice.Logic", "DeansOffice.Logic\DeansOffice.Logic.csproj", "{DD089095-5B23-475C-8AD3-A77DB30363A5}"
EndProject
Global
	GlobalSection(SolutionConfigurationPlatforms) = preSolution
		Debug|Any CPU = Debug|Any CPU
		Release|Any CPU = Release|Any CPU
	EndGlobalSection
	GlobalSection(ProjectConfigurationPlatforms) = postSolution
		{57A74805-507B-47EF-872B-83ED94C3433E}.Debug|Any CPU.ActiveCfg = Debug|Any CPU
		{57A74805-507B-47EF-872B-83ED94C3433E}.Debug|Any CPU.Build.0 = Debug|Any CPU
		{57A74805-507B-47EF-872B-83ED94C3433E}.Release|Any CPU.ActiveCfg = Release|Any CPU
		{57A74805-507B-47EF-872B-83ED94C3433E}.Release|Any CPU.Build.0 = Release|Any CPU
		{3D33DF70-1183-4C71-A7FB-9759C683DAF0}.Debug|Any CPU.ActiveCfg = Debug|Any CPU
		{3D33DF70-1183-4C71-A7FB-9759C683DAF0}.Debug|Any CPU.Build.0 = Debug|Any CPU
		{3D33DF70-1183-4C71-A7FB-9759C683DAF0}.Release|Any CPU.ActiveCfg = Release|Any CPU
		{3D33DF70-1183-4C71-A7FB-9759C683DAF0}.Release|Any CPU.Build.0 = Release|Any CPU
		{DD089095-5B23-475C-8AD3-A77DB30363A5}.Debug|Any CPU.ActiveCfg = Debug|Any CPU
		{DD089095-5B23-475C-8AD3-A77DB30363A5}.Debug|Any CPU.Build.0 = Debug|Any CPU
		{DD089095-5B23-475C-8AD3-A77DB30363A5}.Release|Any CPU.ActiveCfg = Release|Any CPU
		{DD089095-5B23-475C-8AD3-A77DB30363A5}.Release|Any CPU.Build.0 = Release|Any CPU
	EndGlobalSection
	GlobalSection(SolutionProperties) = preSolution
		HideSolutionNode = FALSE
	EndGlobalSection
	GlobalSection(ExtensibilityGlobals) = postSolution
		SolutionGuid = {61164A74-3DFB-459F-B826-7B4E9EA9C61B}
	EndGlobalSection
EndGlobal
